
Microsoft Visual Studio Solution File, Format Version 12.00
# Visual Studio Version 17
VisualStudioVersion = 17.11.35327.3
MinimumVisualStudioVersion = 10.0.40219.1
Project("{FAE04EC0-301F-11D3-BF4B-00C04F79EFBC}") = "GerenciadorBiblioteca", "GerenciadorBiblioteca\GerenciadorBiblioteca.csproj", "{07FE7042-143A-4CB9-8BFB-9D31835C3155}"
EndProject
Global
	GlobalSection(SolutionConfigurationPlatforms) = preSolution
		Debug|Any CPU = Debug|Any CPU
		Release|Any CPU = Release|Any CPU
	EndGlobalSection
	GlobalSection(ProjectConfigurationPlatforms) = postSolution
		{07FE7042-143A-4CB9-8BFB-9D31835C3155}.Debug|Any CPU.ActiveCfg = Debug|Any CPU
		{07FE7042-143A-4CB9-8BFB-9D31835C3155}.Debug|Any CPU.Build.0 = Debug|Any CPU
		{07FE7042-143A-4CB9-8BFB-9D31835C3155}.Release|Any CPU.ActiveCfg = Release|Any CPU
		{07FE7042-143A-4CB9-8BFB-9D31835C3155}.Release|Any CPU.Build.0 = Release|Any CPU
	EndGlobalSection
	GlobalSection(SolutionProperties) = preSolution
		HideSolutionNode = FALSE
	EndGlobalSection
	GlobalSection(ExtensibilityGlobals) = postSolution
		SolutionGuid = {FEF8985D-26C5-4D97-AD86-5144917CD70F}
	EndGlobalSection
EndGlobal
